
Microsoft Visual Studio Solution File, Format Version 12.00
# Visual Studio 14
VisualStudioVersion = 14.0.23107.0
MinimumVisualStudioVersion = 10.0.40219.1
Project("{FAE04EC0-301F-11D3-BF4B-00C04F79EFBC}") = "CloudService", "CloudService\CloudService.csproj", "{CF48AC98-E3AE-426A-8411-66ED3E2E59ED}"
EndProject
Project("{FAE04EC0-301F-11D3-BF4B-00C04F79EFBC}") = "ContentDialogEx", "..\ContentDialogEx\ContentDialogEx\ContentDialogEx.csproj", "{5D4B47DF-D685-4FE9-9AD4-EBC3FC812E2C}"
EndProject
Project("{2150E333-8FDC-42A3-9474-1A3956D46DE8}") = "Control", "Control", "{BF24B06D-4821-440F-9A4E-174777149828}"
EndProject
Project("{2150E333-8FDC-42A3-9474-1A3956D46DE8}") = "App", "App", "{D6CADD98-69CA-42F5-8A82-275EAA59830E}"
EndProject
Project("{2150E333-8FDC-42A3-9474-1A3956D46DE8}") = "Test", "Test", "{C574E010-2724-4A58-A964-C5223B85BA08}"
EndProject
Project("{2150E333-8FDC-42A3-9474-1A3956D46DE8}") = "Utils", "Utils", "{CE5EE1A3-9F1F-45C4-BA35-8E8FC215020D}"
EndProject
Project("{FAE04EC0-301F-11D3-BF4B-00C04F79EFBC}") = "AnimatedTextBlock", "..\AnimatedTextBlock\AnimatedTextBlock.csproj", "{4E0BECFB-8F8D-4C55-BFB3-5B63E047EE92}"
EndProject
Project("{FAE04EC0-301F-11D3-BF4B-00C04F79EFBC}") = "UnitTestProject", "UnitTestProject\UnitTestProject.csproj", "{C7AA2DEE-DE39-4ACD-A77F-1B419F923E41}"
EndProject
Project("{FAE04EC0-301F-11D3-BF4B-00C04F79EFBC}") = "MyerList", "MyerList\MyerList.csproj", "{80B95CA0-EE60-43FE-9213-65A117FCD42E}"
EndProject
Project("{FAE04EC0-301F-11D3-BF4B-00C04F79EFBC}") = "JP.Utils.UWP", "..\JP.Utils.UWP\JP.Utils.UWP\JP.Utils.UWP.csproj", "{357C51DB-765E-4A88-950F-CDA24F7184C3}"
EndProject
Project("{8BC9CEB8-8B4A-11D0-8D11-00A0C91BC942}") = "BackgroundTasks", "BackgroundTasks\BackgroundTasks.vcxproj", "{56DF5D9A-057E-418F-9702-DE07EE283A4D}"
EndProject
Global
	GlobalSection(SolutionConfigurationPlatforms) = preSolution
		Debug|Any CPU = Debug|Any CPU
		Debug|ARM = Debug|ARM
		Debug|x64 = Debug|x64
		Debug|x86 = Debug|x86
		Release|Any CPU = Release|Any CPU
		Release|ARM = Release|ARM
		Release|x64 = Release|x64
		Release|x86 = Release|x86
	EndGlobalSection
	GlobalSection(ProjectConfigurationPlatforms) = postSolution
		{CF48AC98-E3AE-426A-8411-66ED3E2E59ED}.Debug|Any CPU.ActiveCfg = Debug|Any CPU
		{CF48AC98-E3AE-426A-8411-66ED3E2E59ED}.Debug|Any CPU.Build.0 = Debug|Any CPU
		{CF48AC98-E3AE-426A-8411-66ED3E2E59ED}.Debug|ARM.ActiveCfg = Debug|ARM
		{CF48AC98-E3AE-426A-8411-66ED3E2E59ED}.Debug|ARM.Build.0 = Debug|ARM
		{CF48AC98-E3AE-426A-8411-66ED3E2E59ED}.Debug|x64.ActiveCfg = Debug|x64
		{CF48AC98-E3AE-426A-8411-66ED3E2E59ED}.Debug|x64.Build.0 = Debug|x64
		{CF48AC98-E3AE-426A-8411-66ED3E2E59ED}.Debug|x86.ActiveCfg = Debug|x86
		{CF48AC98-E3AE-426A-8411-66ED3E2E59ED}.Debug|x86.Build.0 = Debug|x86
		{CF48AC98-E3AE-426A-8411-66ED3E2E59ED}.Release|Any CPU.ActiveCfg = Release|Any CPU
		{CF48AC98-E3AE-426A-8411-66ED3E2E59ED}.Release|Any CPU.Build.0 = Release|Any CPU
		{CF48AC98-E3AE-426A-8411-66ED3E2E59ED}.Release|ARM.ActiveCfg = Release|ARM
		{CF48AC98-E3AE-426A-8411-66ED3E2E59ED}.Release|ARM.Build.0 = Release|ARM
		{CF48AC98-E3AE-426A-8411-66ED3E2E59ED}.Release|x64.ActiveCfg = Release|x64
		{CF48AC98-E3AE-426A-8411-66ED3E2E59ED}.Release|x64.Build.0 = Release|x64
		{CF48AC98-E3AE-426A-8411-66ED3E2E59ED}.Release|x86.ActiveCfg = Release|x86
		{CF48AC98-E3AE-426A-8411-66ED3E2E59ED}.Release|x86.Build.0 = Release|x86
		{5D4B47DF-D685-4FE9-9AD4-EBC3FC812E2C}.Debug|Any CPU.ActiveCfg = Debug|Any CPU
		{5D4B47DF-D685-4FE9-9AD4-EBC3FC812E2C}.Debug|Any CPU.Build.0 = Debug|Any CPU
		{5D4B47DF-D685-4FE9-9AD4-EBC3FC812E2C}.Debug|ARM.ActiveCfg = Debug|ARM
		{5D4B47DF-D685-4FE9-9AD4-EBC3FC812E2C}.Debug|ARM.Build.0 = Debug|ARM
		{5D4B47DF-D685-4FE9-9AD4-EBC3FC812E2C}.Debug|x64.ActiveCfg = Debug|x64
		{5D4B47DF-D685-4FE9-9AD4-EBC3FC812E2C}.Debug|x64.Build.0 = Debug|x64
		{5D4B47DF-D685-4FE9-9AD4-EBC3FC812E2C}.Debug|x86.ActiveCfg = Debug|x86
		{5D4B47DF-D685-4FE9-9AD4-EBC3FC812E2C}.Debug|x86.Build.0 = Debug|x86
		{5D4B47DF-D685-4FE9-9AD4-EBC3FC812E2C}.Release|Any CPU.ActiveCfg = Release|Any CPU
		{5D4B47DF-D685-4FE9-9AD4-EBC3FC812E2C}.Release|Any CPU.Build.0 = Release|Any CPU
		{5D4B47DF-D685-4FE9-9AD4-EBC3FC812E2C}.Release|ARM.ActiveCfg = Release|ARM
		{5D4B47DF-D685-4FE9-9AD4-EBC3FC812E2C}.Release|ARM.Build.0 = Release|ARM
		{5D4B47DF-D685-4FE9-9AD4-EBC3FC812E2C}.Release|x64.ActiveCfg = Release|x64
		{5D4B47DF-D685-4FE9-9AD4-EBC3FC812E2C}.Release|x64.Build.0 = Release|x64
		{5D4B47DF-D685-4FE9-9AD4-EBC3FC812E2C}.Release|x86.ActiveCfg = Release|x86
		{5D4B47DF-D685-4FE9-9AD4-EBC3FC812E2C}.Release|x86.Build.0 = Release|x86
		{4E0BECFB-8F8D-4C55-BFB3-5B63E047EE92}.Debug|Any CPU.ActiveCfg = Debug|Any CPU
		{4E0BECFB-8F8D-4C55-BFB3-5B63E047EE92}.Debug|Any CPU.Build.0 = Debug|Any CPU
		{4E0BECFB-8F8D-4C55-BFB3-5B63E047EE92}.Debug|ARM.ActiveCfg = Debug|ARM
		{4E0BECFB-8F8D-4C55-BFB3-5B63E047EE92}.Debug|ARM.Build.0 = Debug|ARM
		{4E0BECFB-8F8D-4C55-BFB3-5B63E047EE92}.Debug|x64.ActiveCfg = Debug|x64
		{4E0BECFB-8F8D-4C55-BFB3-5B63E047EE92}.Debug|x64.Build.0 = Debug|x64
		{4E0BECFB-8F8D-4C55-BFB3-5B63E047EE92}.Debug|x86.ActiveCfg = Debug|x86
		{4E0BECFB-8F8D-4C55-BFB3-5B63E047EE92}.Debug|x86.Build.0 = Debug|x86
		{4E0BECFB-8F8D-4C55-BFB3-5B63E047EE92}.Release|Any CPU.ActiveCfg = Release|Any CPU
		{4E0BECFB-8F8D-4C55-BFB3-5B63E047EE92}.Release|Any CPU.Build.0 = Release|Any CPU
		{4E0BECFB-8F8D-4C55-BFB3-5B63E047EE92}.Release|ARM.ActiveCfg = Release|ARM
		{4E0BECFB-8F8D-4C55-BFB3-5B63E047EE92}.Release|ARM.Build.0 = Release|ARM
		{4E0BECFB-8F8D-4C55-BFB3-5B63E047EE92}.Release|x64.ActiveCfg = Release|x64
		{4E0BECFB-8F8D-4C55-BFB3-5B63E047EE92}.Release|x64.Build.0 = Release|x64
		{4E0BECFB-8F8D-4C55-BFB3-5B63E047EE92}.Release|x86.ActiveCfg = Release|x86
		{4E0BECFB-8F8D-4C55-BFB3-5B63E047EE92}.Release|x86.Build.0 = Release|x86
		{C7AA2DEE-DE39-4ACD-A77F-1B419F923E41}.Debug|Any CPU.ActiveCfg = Debug|x86
		{C7AA2DEE-DE39-4ACD-A77F-1B419F923E41}.Debug|ARM.ActiveCfg = Debug|ARM
		{C7AA2DEE-DE39-4ACD-A77F-1B419F923E41}.Debug|ARM.Build.0 = Debug|ARM
		{C7AA2DEE-DE39-4ACD-A77F-1B419F923E41}.Debug|ARM.Deploy.0 = Debug|ARM
		{C7AA2DEE-DE39-4ACD-A77F-1B419F923E41}.Debug|x64.ActiveCfg = Debug|x64
		{C7AA2DEE-DE39-4ACD-A77F-1B419F923E41}.Debug|x64.Build.0 = Debug|x64
		{C7AA2DEE-DE39-4ACD-A77F-1B419F923E41}.Debug|x64.Deploy.0 = Debug|x64
		{C7AA2DEE-DE39-4ACD-A77F-1B419F923E41}.Debug|x86.ActiveCfg = Debug|x86
		{C7AA2DEE-DE39-4ACD-A77F-1B419F923E41}.Debug|x86.Build.0 = Debug|x86
		{C7AA2DEE-DE39-4ACD-A77F-1B419F923E41}.Debug|x86.Deploy.0 = Debug|x86
		{C7AA2DEE-DE39-4ACD-A77F-1B419F923E41}.Release|Any CPU.ActiveCfg = Release|x86
		{C7AA2DEE-DE39-4ACD-A77F-1B419F923E41}.Release|ARM.ActiveCfg = Release|ARM
		{C7AA2DEE-DE39-4ACD-A77F-1B419F923E41}.Release|ARM.Build.0 = Release|ARM
		{C7AA2DEE-DE39-4ACD-A77F-1B419F923E41}.Release|ARM.Deploy.0 = Release|ARM
		{C7AA2DEE-DE39-4ACD-A77F-1B419F923E41}.Release|x64.ActiveCfg = Release|x64
		{C7AA2DEE-DE39-4ACD-A77F-1B419F923E41}.Release|x64.Build.0 = Release|x64
		{C7AA2DEE-DE39-4ACD-A77F-1B419F923E41}.Release|x64.Deploy.0 = Release|x64
		{C7AA2DEE-DE39-4ACD-A77F-1B419F923E41}.Release|x86.ActiveCfg = Release|x86
		{C7AA2DEE-DE39-4ACD-A77F-1B419F923E41}.Release|x86.Build.0 = Release|x86
		{C7AA2DEE-DE39-4ACD-A77F-1B419F923E41}.Release|x86.Deploy.0 = Release|x86
		{80B95CA0-EE60-43FE-9213-65A117FCD42E}.Debug|Any CPU.ActiveCfg = Debug|x86
		{80B95CA0-EE60-43FE-9213-65A117FCD42E}.Debug|ARM.ActiveCfg = Debug|ARM
		{80B95CA0-EE60-43FE-9213-65A117FCD42E}.Debug|ARM.Build.0 = Debug|ARM
		{80B95CA0-EE60-43FE-9213-65A117FCD42E}.Debug|ARM.Deploy.0 = Debug|ARM
		{80B95CA0-EE60-43FE-9213-65A117FCD42E}.Debug|x64.ActiveCfg = Debug|x64
		{80B95CA0-EE60-43FE-9213-65A117FCD42E}.Debug|x64.Build.0 = Debug|x64
		{80B95CA0-EE60-43FE-9213-65A117FCD42E}.Debug|x64.Deploy.0 = Debug|x64
		{80B95CA0-EE60-43FE-9213-65A117FCD42E}.Debug|x86.ActiveCfg = Debug|x86
		{80B95CA0-EE60-43FE-9213-65A117FCD42E}.Debug|x86.Build.0 = Debug|x86
		{80B95CA0-EE60-43FE-9213-65A117FCD42E}.Debug|x86.Deploy.0 = Debug|x86
		{80B95CA0-EE60-43FE-9213-65A117FCD42E}.Release|Any CPU.ActiveCfg = Release|x86
		{80B95CA0-EE60-43FE-9213-65A117FCD42E}.Release|ARM.ActiveCfg = Release|ARM
		{80B95CA0-EE60-43FE-9213-65A117FCD42E}.Release|ARM.Build.0 = Release|ARM
		{80B95CA0-EE60-43FE-9213-65A117FCD42E}.Release|ARM.Deploy.0 = Release|ARM
		{80B95CA0-EE60-43FE-9213-65A117FCD42E}.Release|x64.ActiveCfg = Release|x64
		{80B95CA0-EE60-43FE-9213-65A117FCD42E}.Release|x64.Build.0 = Release|x64
		{80B95CA0-EE60-43FE-9213-65A117FCD42E}.Release|x64.Deploy.0 = Release|x64
		{80B95CA0-EE60-43FE-9213-65A117FCD42E}.Release|x86.ActiveCfg = Release|x86
		{80B95CA0-EE60-43FE-9213-65A117FCD42E}.Release|x86.Build.0 = Release|x86
		{80B95CA0-EE60-43FE-9213-65A117FCD42E}.Release|x86.Deploy.0 = Release|x86
		{357C51DB-765E-4A88-950F-CDA24F7184C3}.Debug|Any CPU.ActiveCfg = Debug|Any CPU
		{357C51DB-765E-4A88-950F-CDA24F7184C3}.Debug|Any CPU.Build.0 = Debug|Any CPU
		{357C51DB-765E-4A88-950F-CDA24F7184C3}.Debug|ARM.ActiveCfg = Debug|ARM
		{357C51DB-765E-4A88-950F-CDA24F7184C3}.Debug|ARM.Build.0 = Debug|ARM
		{357C51DB-765E-4A88-950F-CDA24F7184C3}.Debug|x64.ActiveCfg = Debug|x64
		{357C51DB-765E-4A88-950F-CDA24F7184C3}.Debug|x64.Build.0 = Debug|x64
		{357C51DB-765E-4A88-950F-CDA24F7184C3}.Debug|x86.ActiveCfg = Debug|x86
		{357C51DB-765E-4A88-950F-CDA24F7184C3}.Debug|x86.Build.0 = Debug|x86
		{357C51DB-765E-4A88-950F-CDA24F7184C3}.Release|Any CPU.ActiveCfg = Release|Any CPU
		{357C51DB-765E-4A88-950F-CDA24F7184C3}.Release|Any CPU.Build.0 = Release|Any CPU
		{357C51DB-765E-4A88-950F-CDA24F7184C3}.Release|ARM.ActiveCfg = Release|ARM
		{357C51DB-765E-4A88-950F-CDA24F7184C3}.Release|ARM.Build.0 = Release|ARM
		{357C51DB-765E-4A88-950F-CDA24F7184C3}.Release|x64.ActiveCfg = Release|x64
		{357C51DB-765E-4A88-950F-CDA24F7184C3}.Release|x64.Build.0 = Release|x64
		{357C51DB-765E-4A88-950F-CDA24F7184C3}.Release|x86.ActiveCfg = Release|x86
		{357C51DB-765E-4A88-950F-CDA24F7184C3}.Release|x86.Build.0 = Release|x86
		{56DF5D9A-057E-418F-9702-DE07EE283A4D}.Debug|Any CPU.ActiveCfg = Debug|Win32
		{56DF5D9A-057E-418F-9702-DE07EE283A4D}.Debug|ARM.ActiveCfg = Debug|ARM
		{56DF5D9A-057E-418F-9702-DE07EE283A4D}.Debug|ARM.Build.0 = Debug|ARM
		{56DF5D9A-057E-418F-9702-DE07EE283A4D}.Debug|x64.ActiveCfg = Debug|x64
		{56DF5D9A-057E-418F-9702-DE07EE283A4D}.Debug|x64.Build.0 = Debug|x64
		{56DF5D9A-057E-418F-9702-DE07EE283A4D}.Debug|x86.ActiveCfg = Debug|Win32
		{56DF5D9A-057E-418F-9702-DE07EE283A4D}.Debug|x86.Build.0 = Debug|Win32
		{56DF5D9A-057E-418F-9702-DE07EE283A4D}.Release|Any CPU.ActiveCfg = Release|Win32
		{56DF5D9A-057E-418F-9702-DE07EE283A4D}.Release|ARM.ActiveCfg = Release|ARM
		{56DF5D9A-057E-418F-9702-DE07EE283A4D}.Release|ARM.Build.0 = Release|ARM
		{56DF5D9A-057E-418F-9702-DE07EE283A4D}.Release|x64.ActiveCfg = Release|x64
		{56DF5D9A-057E-418F-9702-DE07EE283A4D}.Release|x64.Build.0 = Release|x64
		{56DF5D9A-057E-418F-9702-DE07EE283A4D}.Release|x86.ActiveCfg = Release|Win32
		{56DF5D9A-057E-418F-9702-DE07EE283A4D}.Release|x86.Build.0 = Release|Win32
	EndGlobalSection
	GlobalSection(SolutionProperties) = preSolution
		HideSolutionNode = FALSE
	EndGlobalSection
	GlobalSection(NestedProjects) = preSolution
		{CF48AC98-E3AE-426A-8411-66ED3E2E59ED} = {D6CADD98-69CA-42F5-8A82-275EAA59830E}
		{5D4B47DF-D685-4FE9-9AD4-EBC3FC812E2C} = {BF24B06D-4821-440F-9A4E-174777149828}
		{4E0BECFB-8F8D-4C55-BFB3-5B63E047EE92} = {BF24B06D-4821-440F-9A4E-174777149828}
		{C7AA2DEE-DE39-4ACD-A77F-1B419F923E41} = {C574E010-2724-4A58-A964-C5223B85BA08}
		{80B95CA0-EE60-43FE-9213-65A117FCD42E} = {D6CADD98-69CA-42F5-8A82-275EAA59830E}
		{357C51DB-765E-4A88-950F-CDA24F7184C3} = {CE5EE1A3-9F1F-45C4-BA35-8E8FC215020D}
		{56DF5D9A-057E-418F-9702-DE07EE283A4D} = {D6CADD98-69CA-42F5-8A82-275EAA59830E}
	EndGlobalSection
EndGlobal
