
Microsoft Visual Studio Solution File, Format Version 12.00
# Visual Studio 14
VisualStudioVersion = 14.0.24720.0
MinimumVisualStudioVersion = 10.0.40219.1
Project("{FAE04EC0-301F-11D3-BF4B-00C04F79EFBC}") = "CloudService", "CloudService\CloudService.csproj", "{CF48AC98-E3AE-426A-8411-66ED3E2E59ED}"
EndProject
Project("{2150E333-8FDC-42A3-9474-1A3956D46DE8}") = "Control", "Control", "{BF24B06D-4821-440F-9A4E-174777149828}"
EndProject
Project("{2150E333-8FDC-42A3-9474-1A3956D46DE8}") = "App", "App", "{D6CADD98-69CA-42F5-8A82-275EAA59830E}"
EndProject
Project("{2150E333-8FDC-42A3-9474-1A3956D46DE8}") = "Test", "Test", "{C574E010-2724-4A58-A964-C5223B85BA08}"
EndProject
Project("{FAE04EC0-301F-11D3-BF4B-00C04F79EFBC}") = "UnitTestProject", "UnitTestProject\UnitTestProject.csproj", "{C7AA2DEE-DE39-4ACD-A77F-1B419F923E41}"
EndProject
Project("{FAE04EC0-301F-11D3-BF4B-00C04F79EFBC}") = "MyerList", "MyerList\MyerList.csproj", "{80B95CA0-EE60-43FE-9213-65A117FCD42E}"
EndProject
Project("{8BC9CEB8-8B4A-11D0-8D11-00A0C91BC942}") = "BackgroundTasks", "BackgroundTasks\BackgroundTasks.vcxproj", "{56DF5D9A-057E-418F-9702-DE07EE283A4D}"
EndProject
Project("{FAE04EC0-301F-11D3-BF4B-00C04F79EFBC}") = "MyerListCustomControl", "MyerListCustomControl\MyerListCustomControl.csproj", "{1C9FDE7A-452E-44B7-A065-FB3C4F170048}"
EndProject
Project("{FAE04EC0-301F-11D3-BF4B-00C04F79EFBC}") = "SamplesCommon", "SamplesCommon\SamplesCommon.csproj", "{0B6A4830-D1FF-4018-BAA2-7257EB4579FE}"
EndProject
Global
	GlobalSection(SolutionConfigurationPlatforms) = preSolution
		Debug|Any CPU = Debug|Any CPU
		Debug|ARM = Debug|ARM
		Debug|x64 = Debug|x64
		Debug|x86 = Debug|x86
		Release|Any CPU = Release|Any CPU
		Release|ARM = Release|ARM
		Release|x64 = Release|x64
		Release|x86 = Release|x86
	EndGlobalSection
	GlobalSection(ProjectConfigurationPlatforms) = postSolution
		{CF48AC98-E3AE-426A-8411-66ED3E2E59ED}.Debug|Any CPU.ActiveCfg = Debug|Any CPU
		{CF48AC98-E3AE-426A-8411-66ED3E2E59ED}.Debug|Any CPU.Build.0 = Debug|Any CPU
		{CF48AC98-E3AE-426A-8411-66ED3E2E59ED}.Debug|ARM.ActiveCfg = Debug|ARM
		{CF48AC98-E3AE-426A-8411-66ED3E2E59ED}.Debug|ARM.Build.0 = Debug|ARM
		{CF48AC98-E3AE-426A-8411-66ED3E2E59ED}.Debug|x64.ActiveCfg = Debug|x64
		{CF48AC98-E3AE-426A-8411-66ED3E2E59ED}.Debug|x64.Build.0 = Debug|x64
		{CF48AC98-E3AE-426A-8411-66ED3E2E59ED}.Debug|x86.ActiveCfg = Debug|x86
		{CF48AC98-E3AE-426A-8411-66ED3E2E59ED}.Debug|x86.Build.0 = Debug|x86
		{CF48AC98-E3AE-426A-8411-66ED3E2E59ED}.Release|Any CPU.ActiveCfg = Release|Any CPU
		{CF48AC98-E3AE-426A-8411-66ED3E2E59ED}.Release|Any CPU.Build.0 = Release|Any CPU
		{CF48AC98-E3AE-426A-8411-66ED3E2E59ED}.Release|ARM.ActiveCfg = Release|ARM
		{CF48AC98-E3AE-426A-8411-66ED3E2E59ED}.Release|ARM.Build.0 = Release|ARM
		{CF48AC98-E3AE-426A-8411-66ED3E2E59ED}.Release|x64.ActiveCfg = Release|x64
		{CF48AC98-E3AE-426A-8411-66ED3E2E59ED}.Release|x64.Build.0 = Release|x64
		{CF48AC98-E3AE-426A-8411-66ED3E2E59ED}.Release|x86.ActiveCfg = Release|x86
		{CF48AC98-E3AE-426A-8411-66ED3E2E59ED}.Release|x86.Build.0 = Release|x86
		{C7AA2DEE-DE39-4ACD-A77F-1B419F923E41}.Debug|Any CPU.ActiveCfg = Debug|x86
		{C7AA2DEE-DE39-4ACD-A77F-1B419F923E41}.Debug|ARM.ActiveCfg = Debug|ARM
		{C7AA2DEE-DE39-4ACD-A77F-1B419F923E41}.Debug|ARM.Build.0 = Debug|ARM
		{C7AA2DEE-DE39-4ACD-A77F-1B419F923E41}.Debug|ARM.Deploy.0 = Debug|ARM
		{C7AA2DEE-DE39-4ACD-A77F-1B419F923E41}.Debug|x64.ActiveCfg = Debug|x64
		{C7AA2DEE-DE39-4ACD-A77F-1B419F923E41}.Debug|x64.Build.0 = Debug|x64
		{C7AA2DEE-DE39-4ACD-A77F-1B419F923E41}.Debug|x64.Deploy.0 = Debug|x64
		{C7AA2DEE-DE39-4ACD-A77F-1B419F923E41}.Debug|x86.ActiveCfg = Debug|x86
		{C7AA2DEE-DE39-4ACD-A77F-1B419F923E41}.Debug|x86.Build.0 = Debug|x86
		{C7AA2DEE-DE39-4ACD-A77F-1B419F923E41}.Debug|x86.Deploy.0 = Debug|x86
		{C7AA2DEE-DE39-4ACD-A77F-1B419F923E41}.Release|Any CPU.ActiveCfg = Release|x86
		{C7AA2DEE-DE39-4ACD-A77F-1B419F923E41}.Release|ARM.ActiveCfg = Release|ARM
		{C7AA2DEE-DE39-4ACD-A77F-1B419F923E41}.Release|ARM.Build.0 = Release|ARM
		{C7AA2DEE-DE39-4ACD-A77F-1B419F923E41}.Release|ARM.Deploy.0 = Release|ARM
		{C7AA2DEE-DE39-4ACD-A77F-1B419F923E41}.Release|x64.ActiveCfg = Release|x64
		{C7AA2DEE-DE39-4ACD-A77F-1B419F923E41}.Release|x64.Build.0 = Release|x64
		{C7AA2DEE-DE39-4ACD-A77F-1B419F923E41}.Release|x64.Deploy.0 = Release|x64
		{C7AA2DEE-DE39-4ACD-A77F-1B419F923E41}.Release|x86.ActiveCfg = Release|x86
		{C7AA2DEE-DE39-4ACD-A77F-1B419F923E41}.Release|x86.Build.0 = Release|x86
		{C7AA2DEE-DE39-4ACD-A77F-1B419F923E41}.Release|x86.Deploy.0 = Release|x86
		{80B95CA0-EE60-43FE-9213-65A117FCD42E}.Debug|Any CPU.ActiveCfg = Debug|x86
		{80B95CA0-EE60-43FE-9213-65A117FCD42E}.Debug|ARM.ActiveCfg = Debug|ARM
		{80B95CA0-EE60-43FE-9213-65A117FCD42E}.Debug|ARM.Build.0 = Debug|ARM
		{80B95CA0-EE60-43FE-9213-65A117FCD42E}.Debug|ARM.Deploy.0 = Debug|ARM
		{80B95CA0-EE60-43FE-9213-65A117FCD42E}.Debug|x64.ActiveCfg = Debug|x64
		{80B95CA0-EE60-43FE-9213-65A117FCD42E}.Debug|x64.Build.0 = Debug|x64
		{80B95CA0-EE60-43FE-9213-65A117FCD42E}.Debug|x64.Deploy.0 = Debug|x64
		{80B95CA0-EE60-43FE-9213-65A117FCD42E}.Debug|x86.ActiveCfg = Debug|x86
		{80B95CA0-EE60-43FE-9213-65A117FCD42E}.Debug|x86.Build.0 = Debug|x86
		{80B95CA0-EE60-43FE-9213-65A117FCD42E}.Debug|x86.Deploy.0 = Debug|x86
		{80B95CA0-EE60-43FE-9213-65A117FCD42E}.Release|Any CPU.ActiveCfg = Release|x86
		{80B95CA0-EE60-43FE-9213-65A117FCD42E}.Release|ARM.ActiveCfg = Release|ARM
		{80B95CA0-EE60-43FE-9213-65A117FCD42E}.Release|ARM.Build.0 = Release|ARM
		{80B95CA0-EE60-43FE-9213-65A117FCD42E}.Release|ARM.Deploy.0 = Release|ARM
		{80B95CA0-EE60-43FE-9213-65A117FCD42E}.Release|x64.ActiveCfg = Release|x64
		{80B95CA0-EE60-43FE-9213-65A117FCD42E}.Release|x64.Build.0 = Release|x64
		{80B95CA0-EE60-43FE-9213-65A117FCD42E}.Release|x64.Deploy.0 = Release|x64
		{80B95CA0-EE60-43FE-9213-65A117FCD42E}.Release|x86.ActiveCfg = Release|x86
		{80B95CA0-EE60-43FE-9213-65A117FCD42E}.Release|x86.Build.0 = Release|x86
		{80B95CA0-EE60-43FE-9213-65A117FCD42E}.Release|x86.Deploy.0 = Release|x86
		{56DF5D9A-057E-418F-9702-DE07EE283A4D}.Debug|Any CPU.ActiveCfg = Debug|Win32
		{56DF5D9A-057E-418F-9702-DE07EE283A4D}.Debug|ARM.ActiveCfg = Debug|ARM
		{56DF5D9A-057E-418F-9702-DE07EE283A4D}.Debug|ARM.Build.0 = Debug|ARM
		{56DF5D9A-057E-418F-9702-DE07EE283A4D}.Debug|x64.ActiveCfg = Debug|x64
		{56DF5D9A-057E-418F-9702-DE07EE283A4D}.Debug|x64.Build.0 = Debug|x64
		{56DF5D9A-057E-418F-9702-DE07EE283A4D}.Debug|x86.ActiveCfg = Debug|Win32
		{56DF5D9A-057E-418F-9702-DE07EE283A4D}.Debug|x86.Build.0 = Debug|Win32
		{56DF5D9A-057E-418F-9702-DE07EE283A4D}.Release|Any CPU.ActiveCfg = Release|Win32
		{56DF5D9A-057E-418F-9702-DE07EE283A4D}.Release|ARM.ActiveCfg = Release|ARM
		{56DF5D9A-057E-418F-9702-DE07EE283A4D}.Release|ARM.Build.0 = Release|ARM
		{56DF5D9A-057E-418F-9702-DE07EE283A4D}.Release|x64.ActiveCfg = Release|x64
		{56DF5D9A-057E-418F-9702-DE07EE283A4D}.Release|x64.Build.0 = Release|x64
		{56DF5D9A-057E-418F-9702-DE07EE283A4D}.Release|x86.ActiveCfg = Release|Win32
		{56DF5D9A-057E-418F-9702-DE07EE283A4D}.Release|x86.Build.0 = Release|Win32
		{1C9FDE7A-452E-44B7-A065-FB3C4F170048}.Debug|Any CPU.ActiveCfg = Debug|Any CPU
		{1C9FDE7A-452E-44B7-A065-FB3C4F170048}.Debug|Any CPU.Build.0 = Debug|Any CPU
		{1C9FDE7A-452E-44B7-A065-FB3C4F170048}.Debug|ARM.ActiveCfg = Debug|ARM
		{1C9FDE7A-452E-44B7-A065-FB3C4F170048}.Debug|ARM.Build.0 = Debug|ARM
		{1C9FDE7A-452E-44B7-A065-FB3C4F170048}.Debug|x64.ActiveCfg = Debug|x64
		{1C9FDE7A-452E-44B7-A065-FB3C4F170048}.Debug|x64.Build.0 = Debug|x64
		{1C9FDE7A-452E-44B7-A065-FB3C4F170048}.Debug|x86.ActiveCfg = Debug|x86
		{1C9FDE7A-452E-44B7-A065-FB3C4F170048}.Debug|x86.Build.0 = Debug|x86
		{1C9FDE7A-452E-44B7-A065-FB3C4F170048}.Release|Any CPU.ActiveCfg = Release|Any CPU
		{1C9FDE7A-452E-44B7-A065-FB3C4F170048}.Release|Any CPU.Build.0 = Release|Any CPU
		{1C9FDE7A-452E-44B7-A065-FB3C4F170048}.Release|ARM.ActiveCfg = Release|ARM
		{1C9FDE7A-452E-44B7-A065-FB3C4F170048}.Release|ARM.Build.0 = Release|ARM
		{1C9FDE7A-452E-44B7-A065-FB3C4F170048}.Release|x64.ActiveCfg = Release|x64
		{1C9FDE7A-452E-44B7-A065-FB3C4F170048}.Release|x64.Build.0 = Release|x64
		{1C9FDE7A-452E-44B7-A065-FB3C4F170048}.Release|x86.ActiveCfg = Release|x86
		{1C9FDE7A-452E-44B7-A065-FB3C4F170048}.Release|x86.Build.0 = Release|x86
		{0B6A4830-D1FF-4018-BAA2-7257EB4579FE}.Debug|Any CPU.ActiveCfg = Debug|Any CPU
		{0B6A4830-D1FF-4018-BAA2-7257EB4579FE}.Debug|Any CPU.Build.0 = Debug|Any CPU
		{0B6A4830-D1FF-4018-BAA2-7257EB4579FE}.Debug|ARM.ActiveCfg = Debug|ARM
		{0B6A4830-D1FF-4018-BAA2-7257EB4579FE}.Debug|ARM.Build.0 = Debug|ARM
		{0B6A4830-D1FF-4018-BAA2-7257EB4579FE}.Debug|x64.ActiveCfg = Debug|x64
		{0B6A4830-D1FF-4018-BAA2-7257EB4579FE}.Debug|x64.Build.0 = Debug|x64
		{0B6A4830-D1FF-4018-BAA2-7257EB4579FE}.Debug|x86.ActiveCfg = Debug|x86
		{0B6A4830-D1FF-4018-BAA2-7257EB4579FE}.Debug|x86.Build.0 = Debug|x86
		{0B6A4830-D1FF-4018-BAA2-7257EB4579FE}.Release|Any CPU.ActiveCfg = Release|Any CPU
		{0B6A4830-D1FF-4018-BAA2-7257EB4579FE}.Release|Any CPU.Build.0 = Release|Any CPU
		{0B6A4830-D1FF-4018-BAA2-7257EB4579FE}.Release|ARM.ActiveCfg = Release|ARM
		{0B6A4830-D1FF-4018-BAA2-7257EB4579FE}.Release|ARM.Build.0 = Release|ARM
		{0B6A4830-D1FF-4018-BAA2-7257EB4579FE}.Release|x64.ActiveCfg = Release|x64
		{0B6A4830-D1FF-4018-BAA2-7257EB4579FE}.Release|x64.Build.0 = Release|x64
		{0B6A4830-D1FF-4018-BAA2-7257EB4579FE}.Release|x86.ActiveCfg = Release|x86
		{0B6A4830-D1FF-4018-BAA2-7257EB4579FE}.Release|x86.Build.0 = Release|x86
	EndGlobalSection
	GlobalSection(SolutionProperties) = preSolution
		HideSolutionNode = FALSE
	EndGlobalSection
	GlobalSection(NestedProjects) = preSolution
		{CF48AC98-E3AE-426A-8411-66ED3E2E59ED} = {D6CADD98-69CA-42F5-8A82-275EAA59830E}
		{C7AA2DEE-DE39-4ACD-A77F-1B419F923E41} = {C574E010-2724-4A58-A964-C5223B85BA08}
		{80B95CA0-EE60-43FE-9213-65A117FCD42E} = {D6CADD98-69CA-42F5-8A82-275EAA59830E}
		{56DF5D9A-057E-418F-9702-DE07EE283A4D} = {D6CADD98-69CA-42F5-8A82-275EAA59830E}
		{1C9FDE7A-452E-44B7-A065-FB3C4F170048} = {BF24B06D-4821-440F-9A4E-174777149828}
		{0B6A4830-D1FF-4018-BAA2-7257EB4579FE} = {D6CADD98-69CA-42F5-8A82-275EAA59830E}
	EndGlobalSection
EndGlobal
